{
	"name": "emptyproject",
	"version": "1.0.0",
	"lockfileVersion": 2,
	"requires": true,
	"packages": {
		"": {
			"name": "emptyproject",
			"version": "1.0.0",
			"license": "MIT",
			"dependencies": {
				"total4": "^0.0.53"
			}
		},
		"node_modules/total4": {
			"version": "0.0.53",
			"resolved": "https://registry.npmjs.org/total4/-/total4-0.0.53.tgz",
			"integrity": "sha512-PxEudfwX+XZA014bXOhI54g+hWvZRapXb3crXYoQk6KptIVlOJBumOi+T9e3yTjtcGiJxxOoTPCl6Yw7ik+tWA==",
			"bin": {
				"total4": "bin/total4"
			}
		}
	},
	"dependencies": {
		"total4": {
			"version": "0.0.53",
			"resolved": "https://registry.npmjs.org/total4/-/total4-0.0.53.tgz",
			"integrity": "sha512-PxEudfwX+XZA014bXOhI54g+hWvZRapXb3crXYoQk6KptIVlOJBumOi+T9e3yTjtcGiJxxOoTPCl6Yw7ik+tWA=="
		}
	}
}
